
Microsoft Visual Studio Solution File, Format Version 12.00
# Visual Studio 15
VisualStudioVersion = 15.0.26124.0
MinimumVisualStudioVersion = 15.0.26124.0
Project("{FAE04EC0-301F-11D3-BF4B-00C04F79EFBC}") = "CleanArchitecture.Core", "CleanArchitecture.Core\CleanArchitecture.Core.csproj", "{69813691-88B8-4CB8-ABFE-21228371F16C}"
EndProject
Project("{FAE04EC0-301F-11D3-BF4B-00C04F79EFBC}") = "CleanArchitecture.Infrastructure", "CleanArchitecture.Infrastructure\CleanArchitecture.Infrastructure.csproj", "{858772C7-3880-4D7B-9DE3-10A08DD53F2F}"
EndProject
Project("{FAE04EC0-301F-11D3-BF4B-00C04F79EFBC}") = "CleanArchitecture.Presentation", "CleanArchitecture.Presentation\CleanArchitecture.Presentation.csproj", "{10D0D7E5-0B10-4860-ACD9-09914390625B}"
EndProject
Project("{FAE04EC0-301F-11D3-BF4B-00C04F79EFBC}") = "CleanArchitecture.Tests", "CleanArchitecture.Tests\CleanArchitecture.Tests.csproj", "{051D0842-1D62-4CAB-A446-ABE63736164D}"
EndProject
Global
	GlobalSection(SolutionConfigurationPlatforms) = preSolution
		Debug|Any CPU = Debug|Any CPU
		Debug|x64 = Debug|x64
		Debug|x86 = Debug|x86
		Release|Any CPU = Release|Any CPU
		Release|x64 = Release|x64
		Release|x86 = Release|x86
	EndGlobalSection
	GlobalSection(SolutionProperties) = preSolution
		HideSolutionNode = FALSE
	EndGlobalSection
	GlobalSection(ProjectConfigurationPlatforms) = postSolution
		{69813691-88B8-4CB8-ABFE-21228371F16C}.Debug|Any CPU.ActiveCfg = Debug|Any CPU
		{69813691-88B8-4CB8-ABFE-21228371F16C}.Debug|Any CPU.Build.0 = Debug|Any CPU
		{69813691-88B8-4CB8-ABFE-21228371F16C}.Debug|x64.ActiveCfg = Debug|Any CPU
		{69813691-88B8-4CB8-ABFE-21228371F16C}.Debug|x64.Build.0 = Debug|Any CPU
		{69813691-88B8-4CB8-ABFE-21228371F16C}.Debug|x86.ActiveCfg = Debug|Any CPU
		{69813691-88B8-4CB8-ABFE-21228371F16C}.Debug|x86.Build.0 = Debug|Any CPU
		{69813691-88B8-4CB8-ABFE-21228371F16C}.Release|Any CPU.ActiveCfg = Release|Any CPU
		{69813691-88B8-4CB8-ABFE-21228371F16C}.Release|Any CPU.Build.0 = Release|Any CPU
		{69813691-88B8-4CB8-ABFE-21228371F16C}.Release|x64.ActiveCfg = Release|Any CPU
		{69813691-88B8-4CB8-ABFE-21228371F16C}.Release|x64.Build.0 = Release|Any CPU
		{69813691-88B8-4CB8-ABFE-21228371F16C}.Release|x86.ActiveCfg = Release|Any CPU
		{69813691-88B8-4CB8-ABFE-21228371F16C}.Release|x86.Build.0 = Release|Any CPU
		{858772C7-3880-4D7B-9DE3-10A08DD53F2F}.Debug|Any CPU.ActiveCfg = Debug|Any CPU
		{858772C7-3880-4D7B-9DE3-10A08DD53F2F}.Debug|Any CPU.Build.0 = Debug|Any CPU
		{858772C7-3880-4D7B-9DE3-10A08DD53F2F}.Debug|x64.ActiveCfg = Debug|Any CPU
		{858772C7-3880-4D7B-9DE3-10A08DD53F2F}.Debug|x64.Build.0 = Debug|Any CPU
		{858772C7-3880-4D7B-9DE3-10A08DD53F2F}.Debug|x86.ActiveCfg = Debug|Any CPU
		{858772C7-3880-4D7B-9DE3-10A08DD53F2F}.Debug|x86.Build.0 = Debug|Any CPU
		{858772C7-3880-4D7B-9DE3-10A08DD53F2F}.Release|Any CPU.ActiveCfg = Release|Any CPU
		{858772C7-3880-4D7B-9DE3-10A08DD53F2F}.Release|Any CPU.Build.0 = Release|Any CPU
		{858772C7-3880-4D7B-9DE3-10A08DD53F2F}.Release|x64.ActiveCfg = Release|Any CPU
		{858772C7-3880-4D7B-9DE3-10A08DD53F2F}.Release|x64.Build.0 = Release|Any CPU
		{858772C7-3880-4D7B-9DE3-10A08DD53F2F}.Release|x86.ActiveCfg = Release|Any CPU
		{858772C7-3880-4D7B-9DE3-10A08DD53F2F}.Release|x86.Build.0 = Release|Any CPU
		{10D0D7E5-0B10-4860-ACD9-09914390625B}.Debug|Any CPU.ActiveCfg = Debug|Any CPU
		{10D0D7E5-0B10-4860-ACD9-09914390625B}.Debug|Any CPU.Build.0 = Debug|Any CPU
		{10D0D7E5-0B10-4860-ACD9-09914390625B}.Debug|x64.ActiveCfg = Debug|Any CPU
		{10D0D7E5-0B10-4860-ACD9-09914390625B}.Debug|x64.Build.0 = Debug|Any CPU
		{10D0D7E5-0B10-4860-ACD9-09914390625B}.Debug|x86.ActiveCfg = Debug|Any CPU
		{10D0D7E5-0B10-4860-ACD9-09914390625B}.Debug|x86.Build.0 = Debug|Any CPU
		{10D0D7E5-0B10-4860-ACD9-09914390625B}.Release|Any CPU.ActiveCfg = Release|Any CPU
		{10D0D7E5-0B10-4860-ACD9-09914390625B}.Release|Any CPU.Build.0 = Release|Any CPU
		{10D0D7E5-0B10-4860-ACD9-09914390625B}.Release|x64.ActiveCfg = Release|Any CPU
		{10D0D7E5-0B10-4860-ACD9-09914390625B}.Release|x64.Build.0 = Release|Any CPU
		{10D0D7E5-0B10-4860-ACD9-09914390625B}.Release|x86.ActiveCfg = Release|Any CPU
		{10D0D7E5-0B10-4860-ACD9-09914390625B}.Release|x86.Build.0 = Release|Any CPU
		{051D0842-1D62-4CAB-A446-ABE63736164D}.Debug|Any CPU.ActiveCfg = Debug|Any CPU
		{051D0842-1D62-4CAB-A446-ABE63736164D}.Debug|Any CPU.Build.0 = Debug|Any CPU
		{051D0842-1D62-4CAB-A446-ABE63736164D}.Debug|x64.ActiveCfg = Debug|Any CPU
		{051D0842-1D62-4CAB-A446-ABE63736164D}.Debug|x64.Build.0 = Debug|Any CPU
		{051D0842-1D62-4CAB-A446-ABE63736164D}.Debug|x86.ActiveCfg = Debug|Any CPU
		{051D0842-1D62-4CAB-A446-ABE63736164D}.Debug|x86.Build.0 = Debug|Any CPU
		{051D0842-1D62-4CAB-A446-ABE63736164D}.Release|Any CPU.ActiveCfg = Release|Any CPU
		{051D0842-1D62-4CAB-A446-ABE63736164D}.Release|Any CPU.Build.0 = Release|Any CPU
		{051D0842-1D62-4CAB-A446-ABE63736164D}.Release|x64.ActiveCfg = Release|Any CPU
		{051D0842-1D62-4CAB-A446-ABE63736164D}.Release|x64.Build.0 = Release|Any CPU
		{051D0842-1D62-4CAB-A446-ABE63736164D}.Release|x86.ActiveCfg = Release|Any CPU
		{051D0842-1D62-4CAB-A446-ABE63736164D}.Release|x86.Build.0 = Release|Any CPU
	EndGlobalSection
EndGlobal
